
Microsoft Visual Studio Solution File, Format Version 12.00
# Visual Studio Version 16
VisualStudioVersion = 16.0.29613.14
MinimumVisualStudioVersion = 10.0.40219.1
Project("{FAE04EC0-301F-11D3-BF4B-00C04F79EFBC}") = "dot__game", "dot__game\dot__game.csproj", "{E9C275A4-F430-4F1A-B784-2A92EDE090DE}"
EndProject
Global
	GlobalSection(SolutionConfigurationPlatforms) = preSolution
		Debug|Any CPU = Debug|Any CPU
		Release|Any CPU = Release|Any CPU
	EndGlobalSection
	GlobalSection(ProjectConfigurationPlatforms) = postSolution
		{E9C275A4-F430-4F1A-B784-2A92EDE090DE}.Debug|Any CPU.ActiveCfg = Debug|Any CPU
		{E9C275A4-F430-4F1A-B784-2A92EDE090DE}.Debug|Any CPU.Build.0 = Debug|Any CPU
		{E9C275A4-F430-4F1A-B784-2A92EDE090DE}.Release|Any CPU.ActiveCfg = Release|Any CPU
		{E9C275A4-F430-4F1A-B784-2A92EDE090DE}.Release|Any CPU.Build.0 = Release|Any CPU
	EndGlobalSection
	GlobalSection(SolutionProperties) = preSolution
		HideSolutionNode = FALSE
	EndGlobalSection
	GlobalSection(ExtensibilityGlobals) = postSolution
		SolutionGuid = {ACD1E886-4F71-4868-94C3-4BB43B21DF0B}
	EndGlobalSection
EndGlobal
